// !$*UTF8*$!
{
	archiveVersion = 1;
	classes = {
	};
	objectVersion = 51;
	objects = {

/* Begin PBXBuildFile section */
		866DBD46E0352D992544F0E9 /* Pods_TMDBpub.framework in Frameworks */ = {isa = PBXBuildFile; fileRef = F2503399D8BD873AEB955595 /* Pods_TMDBpub.framework */; };
		B020417E2302C1570081D726 /* GenresMovieCell.swift in Sources */ = {isa = PBXBuildFile; fileRef = B020417D2302C1570081D726 /* GenresMovieCell.swift */; };
		B02041812302C6810081D726 /* UIApplication+Ext.swift in Sources */ = {isa = PBXBuildFile; fileRef = B02041802302C6810081D726 /* UIApplication+Ext.swift */; };
		B02041852303DF3D0081D726 /* MovieDetailToolCell.swift in Sources */ = {isa = PBXBuildFile; fileRef = B02041842303DF3D0081D726 /* MovieDetailToolCell.swift */; };
		B02041872303E3CB0081D726 /* Review.swift in Sources */ = {isa = PBXBuildFile; fileRef = B02041862303E3CB0081D726 /* Review.swift */; };
		B020418A2303FCA50081D726 /* ReviewsMovieController.swift in Sources */ = {isa = PBXBuildFile; fileRef = B02041892303FCA50081D726 /* ReviewsMovieController.swift */; };
		B020418C23042A6F0081D726 /* UIButton+Ext.swift in Sources */ = {isa = PBXBuildFile; fileRef = B020418B23042A6F0081D726 /* UIButton+Ext.swift */; };
		B020418F2304523E0081D726 /* ReviewMovieCell.swift in Sources */ = {isa = PBXBuildFile; fileRef = B020418E2304523E0081D726 /* ReviewMovieCell.swift */; };
		B0204191230485760081D726 /* Cast.swift in Sources */ = {isa = PBXBuildFile; fileRef = B0204190230485760081D726 /* Cast.swift */; };
		B0204194230487300081D726 /* CastMovieController.swift in Sources */ = {isa = PBXBuildFile; fileRef = B0204193230487300081D726 /* CastMovieController.swift */; };
		B0204197230488B30081D726 /* CastMovieCell.swift in Sources */ = {isa = PBXBuildFile; fileRef = B0204196230488B30081D726 /* CastMovieCell.swift */; };
		B02041992304904A0081D726 /* CrewMovieCell.swift in Sources */ = {isa = PBXBuildFile; fileRef = B02041982304904A0081D726 /* CrewMovieCell.swift */; };
		B020419B23057B4A0081D726 /* CastMovieHeader.swift in Sources */ = {isa = PBXBuildFile; fileRef = B020419A23057B4A0081D726 /* CastMovieHeader.swift */; };
		B043DDCA230132EC0070A10F /* SearchMovieCell.swift in Sources */ = {isa = PBXBuildFile; fileRef = B043DDC9230132EC0070A10F /* SearchMovieCell.swift */; };
		B043DDCC230158F60070A10F /* SearchMovieFooterCell.swift in Sources */ = {isa = PBXBuildFile; fileRef = B043DDCB230158F60070A10F /* SearchMovieFooterCell.swift */; };
		B043DDCE2301C35D0070A10F /* DispatchQueue.swift in Sources */ = {isa = PBXBuildFile; fileRef = B043DDCD2301C35D0070A10F /* DispatchQueue.swift */; };
		B043DDD22301D6F00070A10F /* MovieUpcomingCell.swift in Sources */ = {isa = PBXBuildFile; fileRef = B043DDD12301D6F00070A10F /* MovieUpcomingCell.swift */; };
		B043DDD42301E5810070A10F /* ListCell.swift in Sources */ = {isa = PBXBuildFile; fileRef = B043DDD32301E5810070A10F /* ListCell.swift */; };
		B05330AD22FDE72B00ECA238 /* MainTabBarController.swift in Sources */ = {isa = PBXBuildFile; fileRef = B05330AC22FDE72A00ECA238 /* MainTabBarController.swift */; };
		B05330B022FDE86000ECA238 /* UIView+Layout.swift in Sources */ = {isa = PBXBuildFile; fileRef = B05330AF22FDE86000ECA238 /* UIView+Layout.swift */; };
		B05330B422FDEAB300ECA238 /* GenericMoviesControllers.swift in Sources */ = {isa = PBXBuildFile; fileRef = B05330B322FDEAB300ECA238 /* GenericMoviesControllers.swift */; };
		B05330B622FDEB2D00ECA238 /* BaseListController.swift in Sources */ = {isa = PBXBuildFile; fileRef = B05330B522FDEB2C00ECA238 /* BaseListController.swift */; };
		B05330BA22FDEC0400ECA238 /* GenericMovieCell.swift in Sources */ = {isa = PBXBuildFile; fileRef = B05330B922FDEC0400ECA238 /* GenericMovieCell.swift */; };
		B067029422FDE4F00020F393 /* AppDelegate.swift in Sources */ = {isa = PBXBuildFile; fileRef = B067029322FDE4F00020F393 /* AppDelegate.swift */; };
		B067029B22FDE4F20020F393 /* Assets.xcassets in Resources */ = {isa = PBXBuildFile; fileRef = B067029A22FDE4F20020F393 /* Assets.xcassets */; };
		B067029E22FDE4F20020F393 /* LaunchScreen.storyboard in Resources */ = {isa = PBXBuildFile; fileRef = B067029C22FDE4F20020F393 /* LaunchScreen.storyboard */; };
		B0715AEB23092A7700389D19 /* LoginController.swift in Sources */ = {isa = PBXBuildFile; fileRef = B0715AEA23092A7700389D19 /* LoginController.swift */; };
		B0715AED23092E9F00389D19 /* Bindable.swift in Sources */ = {isa = PBXBuildFile; fileRef = B0715AEC23092E9F00389D19 /* Bindable.swift */; };
		B0715AEF23092EE600389D19 /* LoginViewModel.swift in Sources */ = {isa = PBXBuildFile; fileRef = B0715AEE23092EE600389D19 /* LoginViewModel.swift */; };
		B0715AF123092FB200389D19 /* CustomTextField.swift in Sources */ = {isa = PBXBuildFile; fileRef = B0715AF023092FB200389D19 /* CustomTextField.swift */; };
		B072280D2305944900DA248A /* TrailerMovieController.swift in Sources */ = {isa = PBXBuildFile; fileRef = B072280C2305944900DA248A /* TrailerMovieController.swift */; };
		B072280F230594A700DA248A /* Video.swift in Sources */ = {isa = PBXBuildFile; fileRef = B072280E230594A700DA248A /* Video.swift */; };
		B0722812230595C500DA248A /* TrailerMovieCell.swift in Sources */ = {isa = PBXBuildFile; fileRef = B0722811230595C500DA248A /* TrailerMovieCell.swift */; };
		B072281423068BEE00DA248A /* YoutubePlayer.swift in Sources */ = {isa = PBXBuildFile; fileRef = B072281323068BEE00DA248A /* YoutubePlayer.swift */; };
		B0C6791122FFCFF200EC3C7A /* MovieDetailMiddleCell.swift in Sources */ = {isa = PBXBuildFile; fileRef = B0C6791022FFCFF200EC3C7A /* MovieDetailMiddleCell.swift */; };
		B0C6791322FFE7AD00EC3C7A /* LoaderController.swift in Sources */ = {isa = PBXBuildFile; fileRef = B0C6791222FFE7AD00EC3C7A /* LoaderController.swift */; };
		B0C6791523004A7D00EC3C7A /* String+Ext.swift in Sources */ = {isa = PBXBuildFile; fileRef = B0C6791423004A7D00EC3C7A /* String+Ext.swift */; };
		B0C6791723004D0E00EC3C7A /* Int+Ext.swift in Sources */ = {isa = PBXBuildFile; fileRef = B0C6791623004D0E00EC3C7A /* Int+Ext.swift */; };
		B0C679192300518700EC3C7A /* Country.swift in Sources */ = {isa = PBXBuildFile; fileRef = B0C679182300518700EC3C7A /* Country.swift */; };
		B0C6791B230056E300EC3C7A /* ProductionCompany.swift in Sources */ = {isa = PBXBuildFile; fileRef = B0C6791A230056E300EC3C7A /* ProductionCompany.swift */; };
		B0C6791D23006F0200EC3C7A /* HorizontalSnappingController.swift in Sources */ = {isa = PBXBuildFile; fileRef = B0C6791C23006F0200EC3C7A /* HorizontalSnappingController.swift */; };
		B0C6791F23006F5C00EC3C7A /* BetterSnappingLayout.swift in Sources */ = {isa = PBXBuildFile; fileRef = B0C6791E23006F5C00EC3C7A /* BetterSnappingLayout.swift */; };
		B0C67922230071D700EC3C7A /* SearchMovieController.swift in Sources */ = {isa = PBXBuildFile; fileRef = B0C67921230071D700EC3C7A /* SearchMovieController.swift */; };
		B0DB171F22FE94D700323CEC /* Constants.swift in Sources */ = {isa = PBXBuildFile; fileRef = B0DB171E22FE94D700323CEC /* Constants.swift */; };
		B0DB172222FE9CBC00323CEC /* APIService.swift in Sources */ = {isa = PBXBuildFile; fileRef = B0DB172122FE9CBC00323CEC /* APIService.swift */; };
		B0DB172522FE9DC300323CEC /* ResultsMovie.swift in Sources */ = {isa = PBXBuildFile; fileRef = B0DB172422FE9DC300323CEC /* ResultsMovie.swift */; };
		B0DB172822FE9ECA00323CEC /* Movie.swift in Sources */ = {isa = PBXBuildFile; fileRef = B0DB172722FE9ECA00323CEC /* Movie.swift */; };
		B0DB172A22FEA11800323CEC /* Genre.swift in Sources */ = {isa = PBXBuildFile; fileRef = B0DB172922FEA11800323CEC /* Genre.swift */; };
		B0DB172C22FEB8B900323CEC /* UILabel+Ext.swift in Sources */ = {isa = PBXBuildFile; fileRef = B0DB172B22FEB8B900323CEC /* UILabel+Ext.swift */; };
		B0DB172E22FEBBD300323CEC /* VerticalStackView.swift in Sources */ = {isa = PBXBuildFile; fileRef = B0DB172D22FEBBD300323CEC /* VerticalStackView.swift */; };
		B0DB173022FEBDB400323CEC /* UIImageView+Ext.swift in Sources */ = {isa = PBXBuildFile; fileRef = B0DB172F22FEBDB400323CEC /* UIImageView+Ext.swift */; };
		B0DB173222FEDE5900323CEC /* GenericMovieFooter.swift in Sources */ = {isa = PBXBuildFile; fileRef = B0DB173122FEDE5900323CEC /* GenericMovieFooter.swift */; };
		B0DB173422FF018000323CEC /* MovieDetailCell.swift in Sources */ = {isa = PBXBuildFile; fileRef = B0DB173322FF018000323CEC /* MovieDetailCell.swift */; };
		B0DB173622FF01B500323CEC /* MovieDetailController.swift in Sources */ = {isa = PBXBuildFile; fileRef = B0DB173522FF01B500323CEC /* MovieDetailController.swift */; };
		B0E401D223058CD800374BBF /* ViewController+Ext.swift in Sources */ = {isa = PBXBuildFile; fileRef = B0E401D123058CD800374BBF /* ViewController+Ext.swift */; };
		B0E401D423058D8700374BBF /* AppState.swift in Sources */ = {isa = PBXBuildFile; fileRef = B0E401D323058D8700374BBF /* AppState.swift */; };
/* End PBXBuildFile section */

/* Begin PBXFileReference section */
		9C7301E54876D0145B5B36C2 /* Pods-TMDBpub.debug.xcconfig */ = {isa = PBXFileReference; includeInIndex = 1; lastKnownFileType = text.xcconfig; name = "Pods-TMDBpub.debug.xcconfig"; path = "Target Support Files/Pods-TMDBpub/Pods-TMDBpub.debug.xcconfig"; sourceTree = "<group>"; };
		B020417D2302C1570081D726 /* GenresMovieCell.swift */ = {isa = PBXFileReference; lastKnownFileType = sourcecode.swift; path = GenresMovieCell.swift; sourceTree = "<group>"; };
		B02041802302C6810081D726 /* UIApplication+Ext.swift */ = {isa = PBXFileReference; lastKnownFileType = sourcecode.swift; path = "UIApplication+Ext.swift"; sourceTree = "<group>"; };
		B02041842303DF3D0081D726 /* MovieDetailToolCell.swift */ = {isa = PBXFileReference; lastKnownFileType = sourcecode.swift; path = MovieDetailToolCell.swift; sourceTree = "<group>"; };
		B02041862303E3CB0081D726 /* Review.swift */ = {isa = PBXFileReference; lastKnownFileType = sourcecode.swift; path = Review.swift; sourceTree = "<group>"; };
		B02041892303FCA50081D726 /* ReviewsMovieController.swift */ = {isa = PBXFileReference; lastKnownFileType = sourcecode.swift; path = ReviewsMovieController.swift; sourceTree = "<group>"; };
		B020418B23042A6F0081D726 /* UIButton+Ext.swift */ = {isa = PBXFileReference; lastKnownFileType = sourcecode.swift; path = "UIButton+Ext.swift"; sourceTree = "<group>"; };
		B020418E2304523E0081D726 /* ReviewMovieCell.swift */ = {isa = PBXFileReference; lastKnownFileType = sourcecode.swift; path = ReviewMovieCell.swift; sourceTree = "<group>"; };
		B0204190230485760081D726 /* Cast.swift */ = {isa = PBXFileReference; lastKnownFileType = sourcecode.swift; path = Cast.swift; sourceTree = "<group>"; };
		B0204193230487300081D726 /* CastMovieController.swift */ = {isa = PBXFileReference; lastKnownFileType = sourcecode.swift; path = CastMovieController.swift; sourceTree = "<group>"; };
		B0204196230488B30081D726 /* CastMovieCell.swift */ = {isa = PBXFileReference; lastKnownFileType = sourcecode.swift; path = CastMovieCell.swift; sourceTree = "<group>"; };
		B02041982304904A0081D726 /* CrewMovieCell.swift */ = {isa = PBXFileReference; lastKnownFileType = sourcecode.swift; path = CrewMovieCell.swift; sourceTree = "<group>"; };
		B020419A23057B4A0081D726 /* CastMovieHeader.swift */ = {isa = PBXFileReference; lastKnownFileType = sourcecode.swift; path = CastMovieHeader.swift; sourceTree = "<group>"; };
		B043DDC9230132EC0070A10F /* SearchMovieCell.swift */ = {isa = PBXFileReference; lastKnownFileType = sourcecode.swift; path = SearchMovieCell.swift; sourceTree = "<group>"; };
		B043DDCB230158F60070A10F /* SearchMovieFooterCell.swift */ = {isa = PBXFileReference; lastKnownFileType = sourcecode.swift; path = SearchMovieFooterCell.swift; sourceTree = "<group>"; };
		B043DDCD2301C35D0070A10F /* DispatchQueue.swift */ = {isa = PBXFileReference; lastKnownFileType = sourcecode.swift; path = DispatchQueue.swift; sourceTree = "<group>"; };
		B043DDD12301D6F00070A10F /* MovieUpcomingCell.swift */ = {isa = PBXFileReference; lastKnownFileType = sourcecode.swift; path = MovieUpcomingCell.swift; sourceTree = "<group>"; };
		B043DDD32301E5810070A10F /* ListCell.swift */ = {isa = PBXFileReference; lastKnownFileType = sourcecode.swift; path = ListCell.swift; sourceTree = "<group>"; };
		B05330AC22FDE72A00ECA238 /* MainTabBarController.swift */ = {isa = PBXFileReference; lastKnownFileType = sourcecode.swift; path = MainTabBarController.swift; sourceTree = "<group>"; };
		B05330AF22FDE86000ECA238 /* UIView+Layout.swift */ = {isa = PBXFileReference; lastKnownFileType = sourcecode.swift; path = "UIView+Layout.swift"; sourceTree = "<group>"; };
		B05330B322FDEAB300ECA238 /* GenericMoviesControllers.swift */ = {isa = PBXFileReference; lastKnownFileType = sourcecode.swift; path = GenericMoviesControllers.swift; sourceTree = "<group>"; };
		B05330B522FDEB2C00ECA238 /* BaseListController.swift */ = {isa = PBXFileReference; lastKnownFileType = sourcecode.swift; path = BaseListController.swift; sourceTree = "<group>"; };
		B05330B922FDEC0400ECA238 /* GenericMovieCell.swift */ = {isa = PBXFileReference; lastKnownFileType = sourcecode.swift; path = GenericMovieCell.swift; sourceTree = "<group>"; };
		B067029022FDE4F00020F393 /* TMDBpub.app */ = {isa = PBXFileReference; explicitFileType = wrapper.application; includeInIndex = 0; path = TMDBpub.app; sourceTree = BUILT_PRODUCTS_DIR; };
		B067029322FDE4F00020F393 /* AppDelegate.swift */ = {isa = PBXFileReference; lastKnownFileType = sourcecode.swift; path = AppDelegate.swift; sourceTree = "<group>"; };
		B067029A22FDE4F20020F393 /* Assets.xcassets */ = {isa = PBXFileReference; lastKnownFileType = folder.assetcatalog; path = Assets.xcassets; sourceTree = "<group>"; };
		B067029D22FDE4F20020F393 /* Base */ = {isa = PBXFileReference; lastKnownFileType = file.storyboard; name = Base; path = Base.lproj/LaunchScreen.storyboard; sourceTree = "<group>"; };
		B067029F22FDE4F20020F393 /* Info.plist */ = {isa = PBXFileReference; lastKnownFileType = text.plist.xml; path = Info.plist; sourceTree = "<group>"; };
		B0715AEA23092A7700389D19 /* LoginController.swift */ = {isa = PBXFileReference; lastKnownFileType = sourcecode.swift; path = LoginController.swift; sourceTree = "<group>"; };
		B0715AEC23092E9F00389D19 /* Bindable.swift */ = {isa = PBXFileReference; lastKnownFileType = sourcecode.swift; path = Bindable.swift; sourceTree = "<group>"; };
		B0715AEE23092EE600389D19 /* LoginViewModel.swift */ = {isa = PBXFileReference; lastKnownFileType = sourcecode.swift; path = LoginViewModel.swift; sourceTree = "<group>"; };
		B0715AF023092FB200389D19 /* CustomTextField.swift */ = {isa = PBXFileReference; lastKnownFileType = sourcecode.swift; path = CustomTextField.swift; sourceTree = "<group>"; };
		B072280C2305944900DA248A /* TrailerMovieController.swift */ = {isa = PBXFileReference; lastKnownFileType = sourcecode.swift; path = TrailerMovieController.swift; sourceTree = "<group>"; };
		B072280E230594A700DA248A /* Video.swift */ = {isa = PBXFileReference; lastKnownFileType = sourcecode.swift; path = Video.swift; sourceTree = "<group>"; };
		B0722811230595C500DA248A /* TrailerMovieCell.swift */ = {isa = PBXFileReference; lastKnownFileType = sourcecode.swift; path = TrailerMovieCell.swift; sourceTree = "<group>"; };
		B072281323068BEE00DA248A /* YoutubePlayer.swift */ = {isa = PBXFileReference; lastKnownFileType = sourcecode.swift; path = YoutubePlayer.swift; sourceTree = "<group>"; };
		B0C6791022FFCFF200EC3C7A /* MovieDetailMiddleCell.swift */ = {isa = PBXFileReference; lastKnownFileType = sourcecode.swift; path = MovieDetailMiddleCell.swift; sourceTree = "<group>"; };
		B0C6791222FFE7AD00EC3C7A /* LoaderController.swift */ = {isa = PBXFileReference; lastKnownFileType = sourcecode.swift; path = LoaderController.swift; sourceTree = "<group>"; };
		B0C6791423004A7D00EC3C7A /* String+Ext.swift */ = {isa = PBXFileReference; lastKnownFileType = sourcecode.swift; path = "String+Ext.swift"; sourceTree = "<group>"; };
		B0C6791623004D0E00EC3C7A /* Int+Ext.swift */ = {isa = PBXFileReference; lastKnownFileType = sourcecode.swift; path = "Int+Ext.swift"; sourceTree = "<group>"; };
		B0C679182300518700EC3C7A /* Country.swift */ = {isa = PBXFileReference; lastKnownFileType = sourcecode.swift; path = Country.swift; sourceTree = "<group>"; };
		B0C6791A230056E300EC3C7A /* ProductionCompany.swift */ = {isa = PBXFileReference; lastKnownFileType = sourcecode.swift; path = ProductionCompany.swift; sourceTree = "<group>"; };
		B0C6791C23006F0200EC3C7A /* HorizontalSnappingController.swift */ = {isa = PBXFileReference; lastKnownFileType = sourcecode.swift; path = HorizontalSnappingController.swift; sourceTree = "<group>"; };
		B0C6791E23006F5C00EC3C7A /* BetterSnappingLayout.swift */ = {isa = PBXFileReference; lastKnownFileType = sourcecode.swift; path = BetterSnappingLayout.swift; sourceTree = "<group>"; };
		B0C67921230071D700EC3C7A /* SearchMovieController.swift */ = {isa = PBXFileReference; lastKnownFileType = sourcecode.swift; path = SearchMovieController.swift; sourceTree = "<group>"; };
		B0DB171E22FE94D700323CEC /* Constants.swift */ = {isa = PBXFileReference; lastKnownFileType = sourcecode.swift; path = Constants.swift; sourceTree = "<group>"; };
		B0DB172122FE9CBC00323CEC /* APIService.swift */ = {isa = PBXFileReference; lastKnownFileType = sourcecode.swift; path = APIService.swift; sourceTree = "<group>"; };
		B0DB172422FE9DC300323CEC /* ResultsMovie.swift */ = {isa = PBXFileReference; lastKnownFileType = sourcecode.swift; path = ResultsMovie.swift; sourceTree = "<group>"; };
		B0DB172722FE9ECA00323CEC /* Movie.swift */ = {isa = PBXFileReference; lastKnownFileType = sourcecode.swift; path = Movie.swift; sourceTree = "<group>"; };
		B0DB172922FEA11800323CEC /* Genre.swift */ = {isa = PBXFileReference; lastKnownFileType = sourcecode.swift; path = Genre.swift; sourceTree = "<group>"; };
		B0DB172B22FEB8B900323CEC /* UILabel+Ext.swift */ = {isa = PBXFileReference; lastKnownFileType = sourcecode.swift; path = "UILabel+Ext.swift"; sourceTree = "<group>"; };
		B0DB172D22FEBBD300323CEC /* VerticalStackView.swift */ = {isa = PBXFileReference; lastKnownFileType = sourcecode.swift; path = VerticalStackView.swift; sourceTree = "<group>"; };
		B0DB172F22FEBDB400323CEC /* UIImageView+Ext.swift */ = {isa = PBXFileReference; lastKnownFileType = sourcecode.swift; path = "UIImageView+Ext.swift"; sourceTree = "<group>"; };
		B0DB173122FEDE5900323CEC /* GenericMovieFooter.swift */ = {isa = PBXFileReference; lastKnownFileType = sourcecode.swift; path = GenericMovieFooter.swift; sourceTree = "<group>"; };
		B0DB173322FF018000323CEC /* MovieDetailCell.swift */ = {isa = PBXFileReference; lastKnownFileType = sourcecode.swift; path = MovieDetailCell.swift; sourceTree = "<group>"; };
		B0DB173522FF01B500323CEC /* MovieDetailController.swift */ = {isa = PBXFileReference; lastKnownFileType = sourcecode.swift; path = MovieDetailController.swift; sourceTree = "<group>"; };
		B0E401D123058CD800374BBF /* ViewController+Ext.swift */ = {isa = PBXFileReference; lastKnownFileType = sourcecode.swift; path = "ViewController+Ext.swift"; sourceTree = "<group>"; };
		B0E401D323058D8700374BBF /* AppState.swift */ = {isa = PBXFileReference; lastKnownFileType = sourcecode.swift; path = AppState.swift; sourceTree = "<group>"; };
		C51E767BA36F4AD0F333EEA0 /* Pods-TMDBpub.release.xcconfig */ = {isa = PBXFileReference; includeInIndex = 1; lastKnownFileType = text.xcconfig; name = "Pods-TMDBpub.release.xcconfig"; path = "Target Support Files/Pods-TMDBpub/Pods-TMDBpub.release.xcconfig"; sourceTree = "<group>"; };
		F2503399D8BD873AEB955595 /* Pods_TMDBpub.framework */ = {isa = PBXFileReference; explicitFileType = wrapper.framework; includeInIndex = 0; path = Pods_TMDBpub.framework; sourceTree = BUILT_PRODUCTS_DIR; };
/* End PBXFileReference section */

/* Begin PBXFrameworksBuildPhase section */
		B067028D22FDE4F00020F393 /* Frameworks */ = {
			isa = PBXFrameworksBuildPhase;
			buildActionMask = 2147483647;
			files = (
				866DBD46E0352D992544F0E9 /* Pods_TMDBpub.framework in Frameworks */,
			);
			runOnlyForDeploymentPostprocessing = 0;
		};
/* End PBXFrameworksBuildPhase section */

/* Begin PBXGroup section */
		645E5D66CF00E3ADD9D447A6 /* Pods */ = {
			isa = PBXGroup;
			children = (
				9C7301E54876D0145B5B36C2 /* Pods-TMDBpub.debug.xcconfig */,
				C51E767BA36F4AD0F333EEA0 /* Pods-TMDBpub.release.xcconfig */,
			);
			path = Pods;
			sourceTree = "<group>";
		};
		B020417C2302C1320081D726 /* Genres */ = {
			isa = PBXGroup;
			children = (
				B020417D2302C1570081D726 /* GenresMovieCell.swift */,
			);
			path = Genres;
			sourceTree = "<group>";
		};
		B02041882303FC890081D726 /* Review */ = {
			isa = PBXGroup;
			children = (
				B02041892303FCA50081D726 /* ReviewsMovieController.swift */,
			);
			path = Review;
			sourceTree = "<group>";
		};
		B020418D230452080081D726 /* Reviews */ = {
			isa = PBXGroup;
			children = (
				B020418E2304523E0081D726 /* ReviewMovieCell.swift */,
			);
			path = Reviews;
			sourceTree = "<group>";
		};
		B02041922304871E0081D726 /* Cast */ = {
			isa = PBXGroup;
			children = (
				B0204193230487300081D726 /* CastMovieController.swift */,
			);
			path = Cast;
			sourceTree = "<group>";
		};
		B0204195230488A50081D726 /* Cast */ = {
			isa = PBXGroup;
			children = (
				B0204196230488B30081D726 /* CastMovieCell.swift */,
				B02041982304904A0081D726 /* CrewMovieCell.swift */,
				B020419A23057B4A0081D726 /* CastMovieHeader.swift */,
			);
			path = Cast;
			sourceTree = "<group>";
		};
		B043DDC7230132770070A10F /* Search */ = {
			isa = PBXGroup;
			children = (
				B043DDC9230132EC0070A10F /* SearchMovieCell.swift */,
				B043DDCB230158F60070A10F /* SearchMovieFooterCell.swift */,
			);
			path = Search;
			sourceTree = "<group>";
		};
		B043DDC8230132820070A10F /* Movie */ = {
			isa = PBXGroup;
			children = (
				B0722810230595B300DA248A /* Trailer */,
				B0204195230488A50081D726 /* Cast */,
				B020418D230452080081D726 /* Reviews */,
				B020417C2302C1320081D726 /* Genres */,
				B043DDD02301D6D90070A10F /* Upcoming */,
				B0DB173A22FF08F600323CEC /* Generic */,
				B0DB173922FF08EC00323CEC /* Detail */,
			);
			path = Movie;
			sourceTree = "<group>";
		};
		B043DDD02301D6D90070A10F /* Upcoming */ = {
			isa = PBXGroup;
			children = (
				B043DDD12301D6F00070A10F /* MovieUpcomingCell.swift */,
			);
			path = Upcoming;
			sourceTree = "<group>";
		};
		B05330AE22FDE84500ECA238 /* Helpers */ = {
			isa = PBXGroup;
			children = (
				B0DB171E22FE94D700323CEC /* Constants.swift */,
				B05330AF22FDE86000ECA238 /* UIView+Layout.swift */,
				B0DB172B22FEB8B900323CEC /* UILabel+Ext.swift */,
				B0DB172D22FEBBD300323CEC /* VerticalStackView.swift */,
				B0DB172F22FEBDB400323CEC /* UIImageView+Ext.swift */,
				B0C6791222FFE7AD00EC3C7A /* LoaderController.swift */,
				B0C6791423004A7D00EC3C7A /* String+Ext.swift */,
				B0C6791623004D0E00EC3C7A /* Int+Ext.swift */,
				B0C6791E23006F5C00EC3C7A /* BetterSnappingLayout.swift */,
				B043DDCD2301C35D0070A10F /* DispatchQueue.swift */,
				B02041802302C6810081D726 /* UIApplication+Ext.swift */,
				B020418B23042A6F0081D726 /* UIButton+Ext.swift */,
				B0E401D123058CD800374BBF /* ViewController+Ext.swift */,
				B0E401D323058D8700374BBF /* AppState.swift */,
			);
			path = Helpers;
			sourceTree = "<group>";
		};
		B05330B122FDE95500ECA238 /* Resources */ = {
			isa = PBXGroup;
			children = (
				B067029A22FDE4F20020F393 /* Assets.xcassets */,
				B067029F22FDE4F20020F393 /* Info.plist */,
			);
			path = Resources;
			sourceTree = "<group>";
		};
		B05330B222FDEA9700ECA238 /* Controllers */ = {
			isa = PBXGroup;
			children = (
				B0715AE923092A6100389D19 /* Login */,
				B0DB173722FF067200323CEC /* Movie */,
				B05330B522FDEB2C00ECA238 /* BaseListController.swift */,
				B072281323068BEE00DA248A /* YoutubePlayer.swift */,
				B0C6791C23006F0200EC3C7A /* HorizontalSnappingController.swift */,
				B0715AEC23092E9F00389D19 /* Bindable.swift */,
			);
			path = Controllers;
			sourceTree = "<group>";
		};
		B05330B722FDEB3D00ECA238 /* Generic */ = {
			isa = PBXGroup;
			children = (
				B05330B322FDEAB300ECA238 /* GenericMoviesControllers.swift */,
			);
			path = Generic;
			sourceTree = "<group>";
		};
		B05330B822FDEBEE00ECA238 /* Views */ = {
			isa = PBXGroup;
			children = (
				B043DDC8230132820070A10F /* Movie */,
				B043DDC7230132770070A10F /* Search */,
				B0715AF023092FB200389D19 /* CustomTextField.swift */,
			);
			path = Views;
			sourceTree = "<group>";
		};
		B067028722FDE4F00020F393 = {
			isa = PBXGroup;
			children = (
				B067029222FDE4F00020F393 /* TMDBpub */,
				B067029122FDE4F00020F393 /* Products */,
				645E5D66CF00E3ADD9D447A6 /* Pods */,
				FBC76D38AB66423299C6BCE2 /* Frameworks */,
			);
			sourceTree = "<group>";
		};
		B067029122FDE4F00020F393 /* Products */ = {
			isa = PBXGroup;
			children = (
				B067029022FDE4F00020F393 /* TMDBpub.app */,
			);
			name = Products;
			sourceTree = "<group>";
		};
		B067029222FDE4F00020F393 /* TMDBpub */ = {
			isa = PBXGroup;
			children = (
				B0DB172322FE9D3500323CEC /* Model */,
				B0DB172022FE9C8F00323CEC /* API */,
				B05330B822FDEBEE00ECA238 /* Views */,
				B05330B222FDEA9700ECA238 /* Controllers */,
				B05330B122FDE95500ECA238 /* Resources */,
				B05330AE22FDE84500ECA238 /* Helpers */,
				B067029322FDE4F00020F393 /* AppDelegate.swift */,
				B067029C22FDE4F20020F393 /* LaunchScreen.storyboard */,
				B05330AC22FDE72A00ECA238 /* MainTabBarController.swift */,
			);
			path = TMDBpub;
			sourceTree = "<group>";
		};
		B0715AE923092A6100389D19 /* Login */ = {
			isa = PBXGroup;
			children = (
				B0715AEA23092A7700389D19 /* LoginController.swift */,
				B0715AEE23092EE600389D19 /* LoginViewModel.swift */,
			);
			path = Login;
			sourceTree = "<group>";
		};
		B0722810230595B300DA248A /* Trailer */ = {
			isa = PBXGroup;
			children = (
				B0722811230595C500DA248A /* TrailerMovieCell.swift */,
			);
			path = Trailer;
			sourceTree = "<group>";
		};
		B0C679202300709700EC3C7A /* Search */ = {
			isa = PBXGroup;
			children = (
				B0C67921230071D700EC3C7A /* SearchMovieController.swift */,
			);
			path = Search;
			sourceTree = "<group>";
		};
		B0DB172022FE9C8F00323CEC /* API */ = {
			isa = PBXGroup;
			children = (
				B0DB172122FE9CBC00323CEC /* APIService.swift */,
			);
			path = API;
			sourceTree = "<group>";
		};
		B0DB172322FE9D3500323CEC /* Model */ = {
			isa = PBXGroup;
			children = (
				B0DB172622FE9E9F00323CEC /* Movie */,
			);
			path = Model;
			sourceTree = "<group>";
		};
		B0DB172622FE9E9F00323CEC /* Movie */ = {
			isa = PBXGroup;
			children = (
				B0DB172422FE9DC300323CEC /* ResultsMovie.swift */,
				B0DB172722FE9ECA00323CEC /* Movie.swift */,
				B0DB172922FEA11800323CEC /* Genre.swift */,
				B0C679182300518700EC3C7A /* Country.swift */,
				B0C6791A230056E300EC3C7A /* ProductionCompany.swift */,
				B043DDD32301E5810070A10F /* ListCell.swift */,
				B02041862303E3CB0081D726 /* Review.swift */,
				B0204190230485760081D726 /* Cast.swift */,
				B072280E230594A700DA248A /* Video.swift */,
			);
			path = Movie;
			sourceTree = "<group>";
		};
		B0DB173722FF067200323CEC /* Movie */ = {
			isa = PBXGroup;
			children = (
				B0E401D52305941400374BBF /* Trailer */,
				B02041922304871E0081D726 /* Cast */,
				B02041882303FC890081D726 /* Review */,
				B0C679202300709700EC3C7A /* Search */,
				B0DB173822FF067F00323CEC /* Detail */,
				B05330B722FDEB3D00ECA238 /* Generic */,
			);
			path = Movie;
			sourceTree = "<group>";
		};
		B0DB173822FF067F00323CEC /* Detail */ = {
			isa = PBXGroup;
			children = (
				B0DB173522FF01B500323CEC /* MovieDetailController.swift */,
			);
			path = Detail;
			sourceTree = "<group>";
		};
		B0DB173922FF08EC00323CEC /* Detail */ = {
			isa = PBXGroup;
			children = (
				B0DB173322FF018000323CEC /* MovieDetailCell.swift */,
				B0C6791022FFCFF200EC3C7A /* MovieDetailMiddleCell.swift */,
				B02041842303DF3D0081D726 /* MovieDetailToolCell.swift */,
			);
			path = Detail;
			sourceTree = "<group>";
		};
		B0DB173A22FF08F600323CEC /* Generic */ = {
			isa = PBXGroup;
			children = (
				B05330B922FDEC0400ECA238 /* GenericMovieCell.swift */,
				B0DB173122FEDE5900323CEC /* GenericMovieFooter.swift */,
			);
			path = Generic;
			sourceTree = "<group>";
		};
		B0E401D52305941400374BBF /* Trailer */ = {
			isa = PBXGroup;
			children = (
				B072280C2305944900DA248A /* TrailerMovieController.swift */,
			);
			path = Trailer;
			sourceTree = "<group>";
		};
		FBC76D38AB66423299C6BCE2 /* Frameworks */ = {
			isa = PBXGroup;
			children = (
				F2503399D8BD873AEB955595 /* Pods_TMDBpub.framework */,
			);
			name = Frameworks;
			sourceTree = "<group>";
		};
/* End PBXGroup section */

/* Begin PBXNativeTarget section */
		B067028F22FDE4F00020F393 /* TMDBpub */ = {
			isa = PBXNativeTarget;
			buildConfigurationList = B06702A222FDE4F20020F393 /* Build configuration list for PBXNativeTarget "TMDBpub" */;
			buildPhases = (
				80F41883A28F28AAAE6A5FAF /* [CP] Check Pods Manifest.lock */,
				B067028C22FDE4F00020F393 /* Sources */,
				B067028D22FDE4F00020F393 /* Frameworks */,
				B067028E22FDE4F00020F393 /* Resources */,
				8174006A0AA6D94E1A7624B4 /* [CP] Embed Pods Frameworks */,
			);
			buildRules = (
			);
			dependencies = (
			);
			name = TMDBpub;
			productName = TMDBpub;
			productReference = B067029022FDE4F00020F393 /* TMDBpub.app */;
			productType = "com.apple.product-type.application";
		};
/* End PBXNativeTarget section */

/* Begin PBXProject section */
		B067028822FDE4F00020F393 /* Project object */ = {
			isa = PBXProject;
			attributes = {
				LastSwiftUpdateCheck = 1030;
				LastUpgradeCheck = 1030;
				ORGANIZATIONNAME = "Maksim Nosov";
				TargetAttributes = {
					B067028F22FDE4F00020F393 = {
						CreatedOnToolsVersion = 10.3;
					};
				};
			};
			buildConfigurationList = B067028B22FDE4F00020F393 /* Build configuration list for PBXProject "TMDBpub" */;
			compatibilityVersion = "Xcode 9.3";
			developmentRegion = en;
			hasScannedForEncodings = 0;
			knownRegions = (
				en,
				Base,
			);
			mainGroup = B067028722FDE4F00020F393;
			productRefGroup = B067029122FDE4F00020F393 /* Products */;
			projectDirPath = "";
			projectRoot = "";
			targets = (
				B067028F22FDE4F00020F393 /* TMDBpub */,
			);
		};
/* End PBXProject section */

/* Begin PBXResourcesBuildPhase section */
		B067028E22FDE4F00020F393 /* Resources */ = {
			isa = PBXResourcesBuildPhase;
			buildActionMask = 2147483647;
			files = (
				B067029E22FDE4F20020F393 /* LaunchScreen.storyboard in Resources */,
				B067029B22FDE4F20020F393 /* Assets.xcassets in Resources */,
			);
			runOnlyForDeploymentPostprocessing = 0;
		};
/* End PBXResourcesBuildPhase section */

/* Begin PBXShellScriptBuildPhase section */
		80F41883A28F28AAAE6A5FAF /* [CP] Check Pods Manifest.lock */ = {
			isa = PBXShellScriptBuildPhase;
			buildActionMask = 2147483647;
			files = (
			);
			inputFileListPaths = (
			);
			inputPaths = (
				"${PODS_PODFILE_DIR_PATH}/Podfile.lock",
				"${PODS_ROOT}/Manifest.lock",
			);
			name = "[CP] Check Pods Manifest.lock";
			outputFileListPaths = (
			);
			outputPaths = (
				"$(DERIVED_FILE_DIR)/Pods-TMDBpub-checkManifestLockResult.txt",
			);
			runOnlyForDeploymentPostprocessing = 0;
			shellPath = /bin/sh;
			shellScript = "diff \"${PODS_PODFILE_DIR_PATH}/Podfile.lock\" \"${PODS_ROOT}/Manifest.lock\" > /dev/null\nif [ $? != 0 ] ; then\n    # print error to STDERR\n    echo \"error: The sandbox is not in sync with the Podfile.lock. Run 'pod install' or update your CocoaPods installation.\" >&2\n    exit 1\nfi\n# This output is used by Xcode 'outputs' to avoid re-running this script phase.\necho \"SUCCESS\" > \"${SCRIPT_OUTPUT_FILE_0}\"\n";
			showEnvVarsInLog = 0;
		};
		8174006A0AA6D94E1A7624B4 /* [CP] Embed Pods Frameworks */ = {
			isa = PBXShellScriptBuildPhase;
			buildActionMask = 2147483647;
			files = (
			);
			inputFileListPaths = (
				"${PODS_ROOT}/Target Support Files/Pods-TMDBpub/Pods-TMDBpub-frameworks-${CONFIGURATION}-input-files.xcfilelist",
			);
			name = "[CP] Embed Pods Frameworks";
			outputFileListPaths = (
				"${PODS_ROOT}/Target Support Files/Pods-TMDBpub/Pods-TMDBpub-frameworks-${CONFIGURATION}-output-files.xcfilelist",
			);
			runOnlyForDeploymentPostprocessing = 0;
			shellPath = /bin/sh;
			shellScript = "\"${PODS_ROOT}/Target Support Files/Pods-TMDBpub/Pods-TMDBpub-frameworks.sh\"\n";
			showEnvVarsInLog = 0;
		};
/* End PBXShellScriptBuildPhase section */

/* Begin PBXSourcesBuildPhase section */
		B067028C22FDE4F00020F393 /* Sources */ = {
			isa = PBXSourcesBuildPhase;
			buildActionMask = 2147483647;
			files = (
				B043DDCE2301C35D0070A10F /* DispatchQueue.swift in Sources */,
				B043DDD22301D6F00070A10F /* MovieUpcomingCell.swift in Sources */,
				B05330B622FDEB2D00ECA238 /* BaseListController.swift in Sources */,
				B05330B022FDE86000ECA238 /* UIView+Layout.swift in Sources */,
				B0722812230595C500DA248A /* TrailerMovieCell.swift in Sources */,
				B0204191230485760081D726 /* Cast.swift in Sources */,
				B05330B422FDEAB300ECA238 /* GenericMoviesControllers.swift in Sources */,
				B0C67922230071D700EC3C7A /* SearchMovieController.swift in Sources */,
				B0715AEF23092EE600389D19 /* LoginViewModel.swift in Sources */,
				B0DB173422FF018000323CEC /* MovieDetailCell.swift in Sources */,
				B05330BA22FDEC0400ECA238 /* GenericMovieCell.swift in Sources */,
				B0C6791B230056E300EC3C7A /* ProductionCompany.swift in Sources */,
				B02041852303DF3D0081D726 /* MovieDetailToolCell.swift in Sources */,
				B0DB172A22FEA11800323CEC /* Genre.swift in Sources */,
				B072280D2305944900DA248A /* TrailerMovieController.swift in Sources */,
				B02041812302C6810081D726 /* UIApplication+Ext.swift in Sources */,
				B020419B23057B4A0081D726 /* CastMovieHeader.swift in Sources */,
				B0DB172822FE9ECA00323CEC /* Movie.swift in Sources */,
				B0C6791523004A7D00EC3C7A /* String+Ext.swift in Sources */,
				B0DB173022FEBDB400323CEC /* UIImageView+Ext.swift in Sources */,
				B0715AEB23092A7700389D19 /* LoginController.swift in Sources */,
				B0DB171F22FE94D700323CEC /* Constants.swift in Sources */,
				B020418A2303FCA50081D726 /* ReviewsMovieController.swift in Sources */,
				B0C6791322FFE7AD00EC3C7A /* LoaderController.swift in Sources */,
				B0715AED23092E9F00389D19 /* Bindable.swift in Sources */,
				B0204194230487300081D726 /* CastMovieController.swift in Sources */,
				B0E401D423058D8700374BBF /* AppState.swift in Sources */,
				B0C6791F23006F5C00EC3C7A /* BetterSnappingLayout.swift in Sources */,
				B0204197230488B30081D726 /* CastMovieCell.swift in Sources */,
				B043DDCA230132EC0070A10F /* SearchMovieCell.swift in Sources */,
				B043DDD42301E5810070A10F /* ListCell.swift in Sources */,
				B0DB173222FEDE5900323CEC /* GenericMovieFooter.swift in Sources */,
				B0E401D223058CD800374BBF /* ViewController+Ext.swift in Sources */,
				B0C6791122FFCFF200EC3C7A /* MovieDetailMiddleCell.swift in Sources */,
				B020417E2302C1570081D726 /* GenresMovieCell.swift in Sources */,
				B067029422FDE4F00020F393 /* AppDelegate.swift in Sources */,
				B0715AF123092FB200389D19 /* CustomTextField.swift in Sources */,
				B0C6791723004D0E00EC3C7A /* Int+Ext.swift in Sources */,
				B0DB172222FE9CBC00323CEC /* APIService.swift in Sources */,
				B072280F230594A700DA248A /* Video.swift in Sources */,
				B0DB172522FE9DC300323CEC /* ResultsMovie.swift in Sources */,
				B020418F2304523E0081D726 /* ReviewMovieCell.swift in Sources */,
				B0DB172E22FEBBD300323CEC /* VerticalStackView.swift in Sources */,
				B0C679192300518700EC3C7A /* Country.swift in Sources */,
				B0DB172C22FEB8B900323CEC /* UILabel+Ext.swift in Sources */,
				B02041992304904A0081D726 /* CrewMovieCell.swift in Sources */,
				B020418C23042A6F0081D726 /* UIButton+Ext.swift in Sources */,
				B072281423068BEE00DA248A /* YoutubePlayer.swift in Sources */,
				B02041872303E3CB0081D726 /* Review.swift in Sources */,
				B0DB173622FF01B500323CEC /* MovieDetailController.swift in Sources */,
				B05330AD22FDE72B00ECA238 /* MainTabBarController.swift in Sources */,
				B0C6791D23006F0200EC3C7A /* HorizontalSnappingController.swift in Sources */,
				B043DDCC230158F60070A10F /* SearchMovieFooterCell.swift in Sources */,
			);
			runOnlyForDeploymentPostprocessing = 0;
		};
/* End PBXSourcesBuildPhase section */

/* Begin PBXVariantGroup section */
		B067029C22FDE4F20020F393 /* LaunchScreen.storyboard */ = {
			isa = PBXVariantGroup;
			children = (
				B067029D22FDE4F20020F393 /* Base */,
			);
			name = LaunchScreen.storyboard;
			sourceTree = "<group>";
		};
/* End PBXVariantGroup section */

/* Begin XCBuildConfiguration section */
		B06702A022FDE4F20020F393 /* Debug */ = {
			isa = XCBuildConfiguration;
			buildSettings = {
				ALWAYS_SEARCH_USER_PATHS = NO;
				CLANG_ANALYZER_NONNULL = YES;
				CLANG_ANALYZER_NUMBER_OBJECT_CONVERSION = YES_AGGRESSIVE;
				CLANG_CXX_LANGUAGE_STANDARD = "gnu++14";
				CLANG_CXX_LIBRARY = "libc++";
				CLANG_ENABLE_MODULES = YES;
				CLANG_ENABLE_OBJC_ARC = YES;
				CLANG_ENABLE_OBJC_WEAK = YES;
				CLANG_WARN_BLOCK_CAPTURE_AUTORELEASING = YES;
				CLANG_WARN_BOOL_CONVERSION = YES;
				CLANG_WARN_COMMA = YES;
				CLANG_WARN_CONSTANT_CONVERSION = YES;
				CLANG_WARN_DEPRECATED_OBJC_IMPLEMENTATIONS = YES;
				CLANG_WARN_DIRECT_OBJC_ISA_USAGE = YES_ERROR;
				CLANG_WARN_DOCUMENTATION_COMMENTS = YES;
				CLANG_WARN_EMPTY_BODY = YES;
				CLANG_WARN_ENUM_CONVERSION = YES;
				CLANG_WARN_INFINITE_RECURSION = YES;
				CLANG_WARN_INT_CONVERSION = YES;
				CLANG_WARN_NON_LITERAL_NULL_CONVERSION = YES;
				CLANG_WARN_OBJC_IMPLICIT_RETAIN_SELF = YES;
				CLANG_WARN_OBJC_LITERAL_CONVERSION = YES;
				CLANG_WARN_OBJC_ROOT_CLASS = YES_ERROR;
				CLANG_WARN_RANGE_LOOP_ANALYSIS = YES;
				CLANG_WARN_STRICT_PROTOTYPES = YES;
				CLANG_WARN_SUSPICIOUS_MOVE = YES;
				CLANG_WARN_UNGUARDED_AVAILABILITY = YES_AGGRESSIVE;
				CLANG_WARN_UNREACHABLE_CODE = YES;
				CLANG_WARN__DUPLICATE_METHOD_MATCH = YES;
				CODE_SIGN_IDENTITY = "iPhone Developer";
				COPY_PHASE_STRIP = NO;
				DEBUG_INFORMATION_FORMAT = dwarf;
				ENABLE_STRICT_OBJC_MSGSEND = YES;
				ENABLE_TESTABILITY = YES;
				GCC_C_LANGUAGE_STANDARD = gnu11;
				GCC_DYNAMIC_NO_PIC = NO;
				GCC_NO_COMMON_BLOCKS = YES;
				GCC_OPTIMIZATION_LEVEL = 0;
				GCC_PREPROCESSOR_DEFINITIONS = (
					"DEBUG=1",
					"$(inherited)",
				);
				GCC_WARN_64_TO_32_BIT_CONVERSION = YES;
				GCC_WARN_ABOUT_RETURN_TYPE = YES_ERROR;
				GCC_WARN_UNDECLARED_SELECTOR = YES;
				GCC_WARN_UNINITIALIZED_AUTOS = YES_AGGRESSIVE;
				GCC_WARN_UNUSED_FUNCTION = YES;
				GCC_WARN_UNUSED_VARIABLE = YES;
				IPHONEOS_DEPLOYMENT_TARGET = 12.4;
				MTL_ENABLE_DEBUG_INFO = INCLUDE_SOURCE;
				MTL_FAST_MATH = YES;
				ONLY_ACTIVE_ARCH = YES;
				SDKROOT = iphoneos;
				SWIFT_ACTIVE_COMPILATION_CONDITIONS = DEBUG;
				SWIFT_OPTIMIZATION_LEVEL = "-Onone";
			};
			name = Debug;
		};
		B06702A122FDE4F20020F393 /* Release */ = {
			isa = XCBuildConfiguration;
			buildSettings = {
				ALWAYS_SEARCH_USER_PATHS = NO;
				CLANG_ANALYZER_NONNULL = YES;
				CLANG_ANALYZER_NUMBER_OBJECT_CONVERSION = YES_AGGRESSIVE;
				CLANG_CXX_LANGUAGE_STANDARD = "gnu++14";
				CLANG_CXX_LIBRARY = "libc++";
				CLANG_ENABLE_MODULES = YES;
				CLANG_ENABLE_OBJC_ARC = YES;
				CLANG_ENABLE_OBJC_WEAK = YES;
				CLANG_WARN_BLOCK_CAPTURE_AUTORELEASING = YES;
				CLANG_WARN_BOOL_CONVERSION = YES;
				CLANG_WARN_COMMA = YES;
				CLANG_WARN_CONSTANT_CONVERSION = YES;
				CLANG_WARN_DEPRECATED_OBJC_IMPLEMENTATIONS = YES;
				CLANG_WARN_DIRECT_OBJC_ISA_USAGE = YES_ERROR;
				CLANG_WARN_DOCUMENTATION_COMMENTS = YES;
				CLANG_WARN_EMPTY_BODY = YES;
				CLANG_WARN_ENUM_CONVERSION = YES;
				CLANG_WARN_INFINITE_RECURSION = YES;
				CLANG_WARN_INT_CONVERSION = YES;
				CLANG_WARN_NON_LITERAL_NULL_CONVERSION = YES;
				CLANG_WARN_OBJC_IMPLICIT_RETAIN_SELF = YES;
				CLANG_WARN_OBJC_LITERAL_CONVERSION = YES;
				CLANG_WARN_OBJC_ROOT_CLASS = YES_ERROR;
				CLANG_WARN_RANGE_LOOP_ANALYSIS = YES;
				CLANG_WARN_STRICT_PROTOTYPES = YES;
				CLANG_WARN_SUSPICIOUS_MOVE = YES;
				CLANG_WARN_UNGUARDED_AVAILABILITY = YES_AGGRESSIVE;
				CLANG_WARN_UNREACHABLE_CODE = YES;
				CLANG_WARN__DUPLICATE_METHOD_MATCH = YES;
				CODE_SIGN_IDENTITY = "iPhone Developer";
				COPY_PHASE_STRIP = NO;
				DEBUG_INFORMATION_FORMAT = "dwarf-with-dsym";
				ENABLE_NS_ASSERTIONS = NO;
				ENABLE_STRICT_OBJC_MSGSEND = YES;
				GCC_C_LANGUAGE_STANDARD = gnu11;
				GCC_NO_COMMON_BLOCKS = YES;
				GCC_WARN_64_TO_32_BIT_CONVERSION = YES;
				GCC_WARN_ABOUT_RETURN_TYPE = YES_ERROR;
				GCC_WARN_UNDECLARED_SELECTOR = YES;
				GCC_WARN_UNINITIALIZED_AUTOS = YES_AGGRESSIVE;
				GCC_WARN_UNUSED_FUNCTION = YES;
				GCC_WARN_UNUSED_VARIABLE = YES;
				IPHONEOS_DEPLOYMENT_TARGET = 12.4;
				MTL_ENABLE_DEBUG_INFO = NO;
				MTL_FAST_MATH = YES;
				SDKROOT = iphoneos;
				SWIFT_COMPILATION_MODE = wholemodule;
				SWIFT_OPTIMIZATION_LEVEL = "-O";
				VALIDATE_PRODUCT = YES;
			};
			name = Release;
		};
		B06702A322FDE4F20020F393 /* Debug */ = {
			isa = XCBuildConfiguration;
			baseConfigurationReference = 9C7301E54876D0145B5B36C2 /* Pods-TMDBpub.debug.xcconfig */;
			buildSettings = {
				ASSETCATALOG_COMPILER_APPICON_NAME = AppIcon;
				CODE_SIGN_STYLE = Automatic;
				DEVELOPMENT_TEAM = RXJ69EWCMT;
				INFOPLIST_FILE = "$(SRCROOT)/TMDBpub/Resources/Info.plist";
				LD_RUNPATH_SEARCH_PATHS = (
					"$(inherited)",
					"@executable_path/Frameworks",
				);
				PRODUCT_BUNDLE_IDENTIFIER = com.ozolc.TMDBpub;
				PRODUCT_NAME = "$(TARGET_NAME)";
				SWIFT_VERSION = 5.0;
				TARGETED_DEVICE_FAMILY = 1;
			};
			name = Debug;
		};
		B06702A422FDE4F20020F393 /* Release */ = {
			isa = XCBuildConfiguration;
			baseConfigurationReference = C51E767BA36F4AD0F333EEA0 /* Pods-TMDBpub.release.xcconfig */;
			buildSettings = {
				ASSETCATALOG_COMPILER_APPICON_NAME = AppIcon;
				CODE_SIGN_STYLE = Automatic;
				DEVELOPMENT_TEAM = RXJ69EWCMT;
				INFOPLIST_FILE = "$(SRCROOT)/TMDBpub/Resources/Info.plist";
				LD_RUNPATH_SEARCH_PATHS = (
					"$(inherited)",
					"@executable_path/Frameworks",
				);
				PRODUCT_BUNDLE_IDENTIFIER = com.ozolc.TMDBpub;
				PRODUCT_NAME = "$(TARGET_NAME)";
				SWIFT_VERSION = 5.0;
				TARGETED_DEVICE_FAMILY = 1;
			};
			name = Release;
		};
/* End XCBuildConfiguration section */

/* Begin XCConfigurationList section */
		B067028B22FDE4F00020F393 /* Build configuration list for PBXProject "TMDBpub" */ = {
			isa = XCConfigurationList;
			buildConfigurations = (
				B06702A022FDE4F20020F393 /* Debug */,
				B06702A122FDE4F20020F393 /* Release */,
			);
			defaultConfigurationIsVisible = 0;
			defaultConfigurationName = Release;
		};
		B06702A222FDE4F20020F393 /* Build configuration list for PBXNativeTarget "TMDBpub" */ = {
			isa = XCConfigurationList;
			buildConfigurations = (
				B06702A322FDE4F20020F393 /* Debug */,
				B06702A422FDE4F20020F393 /* Release */,
			);
			defaultConfigurationIsVisible = 0;
			defaultConfigurationName = Release;
		};
/* End XCConfigurationList section */
	};
	rootObject = B067028822FDE4F00020F393 /* Project object */;
}
